
Microsoft Visual Studio Solution File, Format Version 12.00
# Visual Studio Version 17
VisualStudioVersion = 17.2.32630.192
MinimumVisualStudioVersion = 10.0.40219.1
Project("{FAE04EC0-301F-11D3-BF4B-00C04F79EFBC}") = "ReverseStringCase", "ReverseStringCase\ReverseStringCase.csproj", "{A5F8F093-2376-481B-85B3-FB3DA850B5E3}"
EndProject
Global
	GlobalSection(SolutionConfigurationPlatforms) = preSolution
		Debug|Any CPU = Debug|Any CPU
		Release|Any CPU = Release|Any CPU
	EndGlobalSection
	GlobalSection(ProjectConfigurationPlatforms) = postSolution
		{A5F8F093-2376-481B-85B3-FB3DA850B5E3}.Debug|Any CPU.ActiveCfg = Debug|Any CPU
		{A5F8F093-2376-481B-85B3-FB3DA850B5E3}.Debug|Any CPU.Build.0 = Debug|Any CPU
		{A5F8F093-2376-481B-85B3-FB3DA850B5E3}.Release|Any CPU.ActiveCfg = Release|Any CPU
		{A5F8F093-2376-481B-85B3-FB3DA850B5E3}.Release|Any CPU.Build.0 = Release|Any CPU
	EndGlobalSection
	GlobalSection(SolutionProperties) = preSolution
		HideSolutionNode = FALSE
	EndGlobalSection
	GlobalSection(ExtensibilityGlobals) = postSolution
		SolutionGuid = {82A8390F-D0B7-4A54-9FB1-B394E252ECF9}
	EndGlobalSection
EndGlobal
